
Microsoft Visual Studio Solution File, Format Version 12.00
# Visual Studio Version 17
VisualStudioVersion = 17.13.35931.197 d17.13
MinimumVisualStudioVersion = 10.0.40219.1
Project("{FAE04EC0-301F-11D3-BF4B-00C04F79EFBC}") = "MVCJwtCookieSession", "MVCJwtCookieSession\MVCJwtCookieSession.csproj", "{13FA1665-9722-4886-9F7A-A4BADDD19E43}"
EndProject
Global
	GlobalSection(SolutionConfigurationPlatforms) = preSolution
		Debug|Any CPU = Debug|Any CPU
		Release|Any CPU = Release|Any CPU
	EndGlobalSection
	GlobalSection(ProjectConfigurationPlatforms) = postSolution
		{13FA1665-9722-4886-9F7A-A4BADDD19E43}.Debug|Any CPU.ActiveCfg = Debug|Any CPU
		{13FA1665-9722-4886-9F7A-A4BADDD19E43}.Debug|Any CPU.Build.0 = Debug|Any CPU
		{13FA1665-9722-4886-9F7A-A4BADDD19E43}.Release|Any CPU.ActiveCfg = Release|Any CPU
		{13FA1665-9722-4886-9F7A-A4BADDD19E43}.Release|Any CPU.Build.0 = Release|Any CPU
	EndGlobalSection
	GlobalSection(SolutionProperties) = preSolution
		HideSolutionNode = FALSE
	EndGlobalSection
	GlobalSection(ExtensibilityGlobals) = postSolution
		SolutionGuid = {7CD45E83-9769-4B83-8AE4-FB619CAB78B5}
	EndGlobalSection
EndGlobal
